
Microsoft Visual Studio Solution File, Format Version 12.00
Project("{7229cdc7-9b34-4228-a951-7312c14bbfd7}") = "PeerPressure", "PeerPressure.csproj", "{7229cdc7-9b34-4228-a951-7312c14bbfd7}"
EndProject
Global
	GlobalSection(SolutionConfigurationPlatforms) = preSolution
		1.4|x64 = 1.4|x64
	EndGlobalSection
	GlobalSection(ProjectConfigurationPlatforms) = postSolution
		{7229cdc7-9b34-4228-a951-7312c14bbfd7}.1.4|x64.ActiveCfg = 1.4|x64
		{7229cdc7-9b34-4228-a951-7312c14bbfd7}.1.4|x64.Build.0 = 1.4|x64
	EndGlobalSection
EndGlobal
